{
  "nodes": {
    "nixCats": {
      "locked": {
        "lastModified": 1732723981,
        "narHash": "sha256-yesFrNUagSnd7wXb/anWz0gZ4J63Luol8pTVupdzw2Y=",
        "owner": "BirdeeHub",
        "repo": "nixCats-nvim",
        "rev": "666d3e20d9f274922d36ddc3f6e3a8b871d0f5f1",
        "type": "github"
      },
      "original": {
        "owner": "BirdeeHub",
        "repo": "nixCats-nvim",
        "type": "github"
      }
    },
    "nixpkgs": {
      "locked": {
        "lastModified": 1732937961,
        "narHash": "sha256-B5pYT+IVaqcrfOekkwKvx/iToDnuQWzc2oyDxzzBDc4=",
        "owner": "nixos",
        "repo": "nixpkgs",
        "rev": "4703b8d2c708e13a8cab03d865f90973536dcdf5",
        "type": "github"
      },
      "original": {
        "owner": "nixos",
        "ref": "nixpkgs-unstable",
        "repo": "nixpkgs",
        "type": "github"
      }
    },
    "root": {
      "inputs": {
        "nixCats": "nixCats",
        "nixpkgs": "nixpkgs"
      }
    }
  },
  "root": "root",
  "version": 7
}
